
Microsoft Visual Studio Solution File, Format Version 12.00
# Visual Studio 14
VisualStudioVersion = 14.0.25420.1
MinimumVisualStudioVersion = 10.0.40219.1
Project("{FAE04EC0-301F-11D3-BF4B-00C04F79EFBC}") = "Reconstruction3D", "Reconstruction3D\Reconstruction3D.csproj", "{5D3BCBBF-3907-42A9-B6A0-FCAA91A931A4}"
EndProject
Project("{FAE04EC0-301F-11D3-BF4B-00C04F79EFBC}") = "SharpGL.Serialization", "SharpGL.Serialization\SharpGL.Serialization.csproj", "{FDFA2632-A960-4778-A517-CA9E337C037C}"
EndProject
Global
	GlobalSection(SolutionConfigurationPlatforms) = preSolution
		Debug|Any CPU = Debug|Any CPU
		Debug|x86 = Debug|x86
		Release|Any CPU = Release|Any CPU
		Release|x86 = Release|x86
	EndGlobalSection
	GlobalSection(ProjectConfigurationPlatforms) = postSolution
		{5D3BCBBF-3907-42A9-B6A0-FCAA91A931A4}.Debug|Any CPU.ActiveCfg = Debug|Any CPU
		{5D3BCBBF-3907-42A9-B6A0-FCAA91A931A4}.Debug|Any CPU.Build.0 = Debug|Any CPU
		{5D3BCBBF-3907-42A9-B6A0-FCAA91A931A4}.Debug|x86.ActiveCfg = Debug|x86
		{5D3BCBBF-3907-42A9-B6A0-FCAA91A931A4}.Debug|x86.Build.0 = Debug|x86
		{5D3BCBBF-3907-42A9-B6A0-FCAA91A931A4}.Release|Any CPU.ActiveCfg = Release|Any CPU
		{5D3BCBBF-3907-42A9-B6A0-FCAA91A931A4}.Release|Any CPU.Build.0 = Release|Any CPU
		{5D3BCBBF-3907-42A9-B6A0-FCAA91A931A4}.Release|x86.ActiveCfg = Release|x86
		{5D3BCBBF-3907-42A9-B6A0-FCAA91A931A4}.Release|x86.Build.0 = Release|x86
		{FDFA2632-A960-4778-A517-CA9E337C037C}.Debug|Any CPU.ActiveCfg = Debug|Any CPU
		{FDFA2632-A960-4778-A517-CA9E337C037C}.Debug|Any CPU.Build.0 = Debug|Any CPU
		{FDFA2632-A960-4778-A517-CA9E337C037C}.Debug|x86.ActiveCfg = Debug|Any CPU
		{FDFA2632-A960-4778-A517-CA9E337C037C}.Debug|x86.Build.0 = Debug|Any CPU
		{FDFA2632-A960-4778-A517-CA9E337C037C}.Release|Any CPU.ActiveCfg = Release|Any CPU
		{FDFA2632-A960-4778-A517-CA9E337C037C}.Release|Any CPU.Build.0 = Release|Any CPU
		{FDFA2632-A960-4778-A517-CA9E337C037C}.Release|x86.ActiveCfg = Release|Any CPU
		{FDFA2632-A960-4778-A517-CA9E337C037C}.Release|x86.Build.0 = Release|Any CPU
	EndGlobalSection
	GlobalSection(SolutionProperties) = preSolution
		HideSolutionNode = FALSE
	EndGlobalSection
EndGlobal
